
Microsoft Visual Studio Solution File, Format Version 12.00
# Visual Studio Version 17
VisualStudioVersion = 17.10.34928.147
MinimumVisualStudioVersion = 10.0.40219.1
Project("{FAE04EC0-301F-11D3-BF4B-00C04F79EFBC}") = "UI", "UI.csproj", "{F7407EA2-EA69-4C96-85D7-DC45F014431E}"
EndProject
Project("{FAE04EC0-301F-11D3-BF4B-00C04F79EFBC}") = "BLL", "..\BLL\BLL.csproj", "{4BACC802-265E-4560-A6EA-67F2C88F6E22}"
EndProject
Project("{FAE04EC0-301F-11D3-BF4B-00C04F79EFBC}") = "DAL", "..\DAL\DAL.csproj", "{90305622-2862-4A91-BEB4-E54704ECE244}"
EndProject
Project("{FAE04EC0-301F-11D3-BF4B-00C04F79EFBC}") = "DOMAIN", "..\DOMAIN\DOMAIN.csproj", "{F9A12AD4-B8F5-49B9-98B6-EDCFD03EE9CD}"
EndProject
Project("{FAE04EC0-301F-11D3-BF4B-00C04F79EFBC}") = "Services", "..\Services\Services.csproj", "{21A47089-599B-4699-A361-4DC67DE7BA60}"
EndProject
Global
	GlobalSection(SolutionConfigurationPlatforms) = preSolution
		Debug|Any CPU = Debug|Any CPU
		Release|Any CPU = Release|Any CPU
	EndGlobalSection
	GlobalSection(ProjectConfigurationPlatforms) = postSolution
		{F7407EA2-EA69-4C96-85D7-DC45F014431E}.Debug|Any CPU.ActiveCfg = Debug|Any CPU
		{F7407EA2-EA69-4C96-85D7-DC45F014431E}.Debug|Any CPU.Build.0 = Debug|Any CPU
		{F7407EA2-EA69-4C96-85D7-DC45F014431E}.Release|Any CPU.ActiveCfg = Release|Any CPU
		{F7407EA2-EA69-4C96-85D7-DC45F014431E}.Release|Any CPU.Build.0 = Release|Any CPU
		{4BACC802-265E-4560-A6EA-67F2C88F6E22}.Debug|Any CPU.ActiveCfg = Debug|Any CPU
		{4BACC802-265E-4560-A6EA-67F2C88F6E22}.Debug|Any CPU.Build.0 = Debug|Any CPU
		{4BACC802-265E-4560-A6EA-67F2C88F6E22}.Release|Any CPU.ActiveCfg = Release|Any CPU
		{4BACC802-265E-4560-A6EA-67F2C88F6E22}.Release|Any CPU.Build.0 = Release|Any CPU
		{90305622-2862-4A91-BEB4-E54704ECE244}.Debug|Any CPU.ActiveCfg = Debug|Any CPU
		{90305622-2862-4A91-BEB4-E54704ECE244}.Debug|Any CPU.Build.0 = Debug|Any CPU
		{90305622-2862-4A91-BEB4-E54704ECE244}.Release|Any CPU.ActiveCfg = Release|Any CPU
		{90305622-2862-4A91-BEB4-E54704ECE244}.Release|Any CPU.Build.0 = Release|Any CPU
		{F9A12AD4-B8F5-49B9-98B6-EDCFD03EE9CD}.Debug|Any CPU.ActiveCfg = Debug|Any CPU
		{F9A12AD4-B8F5-49B9-98B6-EDCFD03EE9CD}.Debug|Any CPU.Build.0 = Debug|Any CPU
		{F9A12AD4-B8F5-49B9-98B6-EDCFD03EE9CD}.Release|Any CPU.ActiveCfg = Release|Any CPU
		{F9A12AD4-B8F5-49B9-98B6-EDCFD03EE9CD}.Release|Any CPU.Build.0 = Release|Any CPU
		{21A47089-599B-4699-A361-4DC67DE7BA60}.Debug|Any CPU.ActiveCfg = Debug|Any CPU
		{21A47089-599B-4699-A361-4DC67DE7BA60}.Debug|Any CPU.Build.0 = Debug|Any CPU
		{21A47089-599B-4699-A361-4DC67DE7BA60}.Release|Any CPU.ActiveCfg = Release|Any CPU
		{21A47089-599B-4699-A361-4DC67DE7BA60}.Release|Any CPU.Build.0 = Release|Any CPU
	EndGlobalSection
	GlobalSection(SolutionProperties) = preSolution
		HideSolutionNode = FALSE
	EndGlobalSection
	GlobalSection(ExtensibilityGlobals) = postSolution
		SolutionGuid = {6C773539-9610-494F-9FA7-A9B07F2E5E8B}
	EndGlobalSection
EndGlobal
